# Generated by buf. DO NOT EDIT.
version: v1
deps:
  - remote: buf.build
    owner: googleapis
    repository: googleapis
    commit: 00000000000000000000000000000002
    digest: shake256:0000000000000000000000000000000000000000000000000000000000000000000000000000000000000000000000000000000000000000000000000002
