# Generated by buf. DO NOT EDIT.
version: v2
deps:
  - name: buf.build/googleapis/googleapis
    commit: 0000000000000000000000000000000000000002
    digest: b5:0000000000000000000000000000000000000000000000000000000000000000000000000000000000000000000000000000000000000000000000000002
  - name: pbr.example.com/acme/ledger
    commit: 0000000000000000000000000000000000000004
    digest: b5:0000000000000000000000000000000000000000000000000000000000000000000000000000000000000000000000000000000000000000000000000004
  - name: pbr.example.com/acme/validate
    commit: 0000000000000000000000000000000000000005
    digest: b5:0000000000000000000000000000000000000000000000000000000000000000000000000000000000000000000000000000000000000000000000000005
